
Microsoft Visual Studio Solution File, Format Version 12.00
# Visual Studio Version 16
VisualStudioVersion = 16.0.32106.194
MinimumVisualStudioVersion = 10.0.40219.1
Project("{FAE04EC0-301F-11D3-BF4B-00C04F79EFBC}") = "ToDo", "ToDo\ToDo.csproj", "{A03FACAA-BBEF-478E-B00A-99AC195D4998}"
EndProject
Project("{FAE04EC0-301F-11D3-BF4B-00C04F79EFBC}") = "Todo.RepositoryAbstraction", "Todo.RepositoryAbstraction\Todo.RepositoryAbstraction.csproj", "{F596D001-8599-4978-BE54-33DD970E4058}"
EndProject
Project("{FAE04EC0-301F-11D3-BF4B-00C04F79EFBC}") = "Todo.Domain", "Todo.Domain\Todo.Domain.csproj", "{87C27692-473E-4475-9A96-6CBED19826C1}"
EndProject
Project("{FAE04EC0-301F-11D3-BF4B-00C04F79EFBC}") = "Todo.Repository", "Todo.Repository\Todo.Repository.csproj", "{BDD1774E-DE78-4984-BEC7-87AB8724369F}"
EndProject
Project("{FAE04EC0-301F-11D3-BF4B-00C04F79EFBC}") = "Todo.DeoendencyInjection", "Todo.DeoendencyInjection\Todo.DeoendencyInjection.csproj", "{1C21B004-081B-4629-8361-C8ACC63CE5F9}"
EndProject
Global
	GlobalSection(SolutionConfigurationPlatforms) = preSolution
		Debug|Any CPU = Debug|Any CPU
		Release|Any CPU = Release|Any CPU
	EndGlobalSection
	GlobalSection(ProjectConfigurationPlatforms) = postSolution
		{A03FACAA-BBEF-478E-B00A-99AC195D4998}.Debug|Any CPU.ActiveCfg = Debug|Any CPU
		{A03FACAA-BBEF-478E-B00A-99AC195D4998}.Debug|Any CPU.Build.0 = Debug|Any CPU
		{A03FACAA-BBEF-478E-B00A-99AC195D4998}.Release|Any CPU.ActiveCfg = Release|Any CPU
		{A03FACAA-BBEF-478E-B00A-99AC195D4998}.Release|Any CPU.Build.0 = Release|Any CPU
		{F596D001-8599-4978-BE54-33DD970E4058}.Debug|Any CPU.ActiveCfg = Debug|Any CPU
		{F596D001-8599-4978-BE54-33DD970E4058}.Debug|Any CPU.Build.0 = Debug|Any CPU
		{F596D001-8599-4978-BE54-33DD970E4058}.Release|Any CPU.ActiveCfg = Release|Any CPU
		{F596D001-8599-4978-BE54-33DD970E4058}.Release|Any CPU.Build.0 = Release|Any CPU
		{87C27692-473E-4475-9A96-6CBED19826C1}.Debug|Any CPU.ActiveCfg = Debug|Any CPU
		{87C27692-473E-4475-9A96-6CBED19826C1}.Debug|Any CPU.Build.0 = Debug|Any CPU
		{87C27692-473E-4475-9A96-6CBED19826C1}.Release|Any CPU.ActiveCfg = Release|Any CPU
		{87C27692-473E-4475-9A96-6CBED19826C1}.Release|Any CPU.Build.0 = Release|Any CPU
		{BDD1774E-DE78-4984-BEC7-87AB8724369F}.Debug|Any CPU.ActiveCfg = Debug|Any CPU
		{BDD1774E-DE78-4984-BEC7-87AB8724369F}.Debug|Any CPU.Build.0 = Debug|Any CPU
		{BDD1774E-DE78-4984-BEC7-87AB8724369F}.Release|Any CPU.ActiveCfg = Release|Any CPU
		{BDD1774E-DE78-4984-BEC7-87AB8724369F}.Release|Any CPU.Build.0 = Release|Any CPU
		{1C21B004-081B-4629-8361-C8ACC63CE5F9}.Debug|Any CPU.ActiveCfg = Debug|Any CPU
		{1C21B004-081B-4629-8361-C8ACC63CE5F9}.Debug|Any CPU.Build.0 = Debug|Any CPU
		{1C21B004-081B-4629-8361-C8ACC63CE5F9}.Release|Any CPU.ActiveCfg = Release|Any CPU
		{1C21B004-081B-4629-8361-C8ACC63CE5F9}.Release|Any CPU.Build.0 = Release|Any CPU
	EndGlobalSection
	GlobalSection(SolutionProperties) = preSolution
		HideSolutionNode = FALSE
	EndGlobalSection
	GlobalSection(ExtensibilityGlobals) = postSolution
		SolutionGuid = {FC18ABBE-7733-4FCF-9775-B19088DF84CA}
	EndGlobalSection
EndGlobal
